
Microsoft Visual Studio Solution File, Format Version 12.00
# Visual Studio 15
VisualStudioVersion = 15.0.26730.12
MinimumVisualStudioVersion = 10.0.40219.1
Project("{FAE04EC0-301F-11D3-BF4B-00C04F79EFBC}") = "Snake", "Snake\Snake.csproj", "{2C05B67D-C452-410C-B15C-6154613B1D14}"
EndProject
Global
	GlobalSection(SolutionConfigurationPlatforms) = preSolution
		Debug|Any CPU = Debug|Any CPU
		Release|Any CPU = Release|Any CPU
	EndGlobalSection
	GlobalSection(ProjectConfigurationPlatforms) = postSolution
		{2C05B67D-C452-410C-B15C-6154613B1D14}.Debug|Any CPU.ActiveCfg = Debug|Any CPU
		{2C05B67D-C452-410C-B15C-6154613B1D14}.Debug|Any CPU.Build.0 = Debug|Any CPU
		{2C05B67D-C452-410C-B15C-6154613B1D14}.Release|Any CPU.ActiveCfg = Release|Any CPU
		{2C05B67D-C452-410C-B15C-6154613B1D14}.Release|Any CPU.Build.0 = Release|Any CPU
	EndGlobalSection
	GlobalSection(SolutionProperties) = preSolution
		HideSolutionNode = FALSE
	EndGlobalSection
	GlobalSection(ExtensibilityGlobals) = postSolution
		SolutionGuid = {021E1CAF-5049-442C-A756-946657BC1D08}
	EndGlobalSection
EndGlobal
